
Microsoft Visual Studio Solution File, Format Version 12.00
# Visual Studio Version 17
VisualStudioVersion = 17.11.35303.130
MinimumVisualStudioVersion = 10.0.40219.1
Project("{8BC9CEB8-8B4A-11D0-8D11-00A0C91BC942}") = "c++实验四指针1", "c++实验四指针1\c++实验四指针1.vcxproj", "{7BC98FAC-D8E8-4FFB-93A3-4FC71EA30DBF}"
EndProject
Global
	GlobalSection(SolutionConfigurationPlatforms) = preSolution
		Debug|x64 = Debug|x64
		Debug|x86 = Debug|x86
		Release|x64 = Release|x64
		Release|x86 = Release|x86
	EndGlobalSection
	GlobalSection(ProjectConfigurationPlatforms) = postSolution
		{7BC98FAC-D8E8-4FFB-93A3-4FC71EA30DBF}.Debug|x64.ActiveCfg = Debug|x64
		{7BC98FAC-D8E8-4FFB-93A3-4FC71EA30DBF}.Debug|x64.Build.0 = Debug|x64
		{7BC98FAC-D8E8-4FFB-93A3-4FC71EA30DBF}.Debug|x86.ActiveCfg = Debug|Win32
		{7BC98FAC-D8E8-4FFB-93A3-4FC71EA30DBF}.Debug|x86.Build.0 = Debug|Win32
		{7BC98FAC-D8E8-4FFB-93A3-4FC71EA30DBF}.Release|x64.ActiveCfg = Release|x64
		{7BC98FAC-D8E8-4FFB-93A3-4FC71EA30DBF}.Release|x64.Build.0 = Release|x64
		{7BC98FAC-D8E8-4FFB-93A3-4FC71EA30DBF}.Release|x86.ActiveCfg = Release|Win32
		{7BC98FAC-D8E8-4FFB-93A3-4FC71EA30DBF}.Release|x86.Build.0 = Release|Win32
	EndGlobalSection
	GlobalSection(SolutionProperties) = preSolution
		HideSolutionNode = FALSE
	EndGlobalSection
	GlobalSection(ExtensibilityGlobals) = postSolution
		SolutionGuid = {97E44CA7-C4BF-4930-A5AD-937DC040FA9B}
	EndGlobalSection
EndGlobal
